// !$*UTF8*$!
{
	archiveVersion = 1;
	classes = {
	};
	objectVersion = 51;
	objects = {

/* Begin PBXBuildFile section */
		1DD9CD43C12319F869A33676 /* Pods_SimpleCreationTests.framework in Frameworks */ = {isa = PBXBuildFile; fileRef = 3F2E8444A4EE41883F04C021 /* Pods_SimpleCreationTests.framework */; };
		5B988C05D4CD19125B1071CD /* Pods_SimpleCreation_SimpleCreationUITests.framework in Frameworks */ = {isa = PBXBuildFile; fileRef = 5FBCB90CA2D6DAE5BA7B158E /* Pods_SimpleCreation_SimpleCreationUITests.framework */; };
		8FA635CF27707B33006E6593 /* AppDelegate.swift in Sources */ = {isa = PBXBuildFile; fileRef = 8FA635CE27707B33006E6593 /* AppDelegate.swift */; };
		8FA635D127707B33006E6593 /* SceneDelegate.swift in Sources */ = {isa = PBXBuildFile; fileRef = 8FA635D027707B33006E6593 /* SceneDelegate.swift */; };
		8FA635D327707B33006E6593 /* mainController.swift in Sources */ = {isa = PBXBuildFile; fileRef = 8FA635D227707B33006E6593 /* mainController.swift */; };
		8FA635D627707B33006E6593 /* Main.storyboard in Resources */ = {isa = PBXBuildFile; fileRef = 8FA635D427707B33006E6593 /* Main.storyboard */; };
		8FA635D827707B36006E6593 /* Assets.xcassets in Resources */ = {isa = PBXBuildFile; fileRef = 8FA635D727707B36006E6593 /* Assets.xcassets */; };
		8FA635DB27707B36006E6593 /* LaunchScreen.storyboard in Resources */ = {isa = PBXBuildFile; fileRef = 8FA635D927707B36006E6593 /* LaunchScreen.storyboard */; };
		8FA635E627707B36006E6593 /* SimpleCreationTests.swift in Sources */ = {isa = PBXBuildFile; fileRef = 8FA635E527707B36006E6593 /* SimpleCreationTests.swift */; };
		8FA635F127707B36006E6593 /* SimpleCreationUITests.swift in Sources */ = {isa = PBXBuildFile; fileRef = 8FA635F027707B36006E6593 /* SimpleCreationUITests.swift */; };
		8FA6360727707C0F006E6593 /* API.swift in Sources */ = {isa = PBXBuildFile; fileRef = 8FA6360627707C0F006E6593 /* API.swift */; };
		8FA6360F27707C58006E6593 /* SimpleCreationAPI.swift in Sources */ = {isa = PBXBuildFile; fileRef = 8FA6360E27707C58006E6593 /* SimpleCreationAPI.swift */; };
		8FA6361E277081B0006E6593 /* APIResults.swift in Sources */ = {isa = PBXBuildFile; fileRef = 8FA6361D277081B0006E6593 /* APIResults.swift */; };
		8FA636232770878D006E6593 /* ListMODEL.swift in Sources */ = {isa = PBXBuildFile; fileRef = 8FA636222770878D006E6593 /* ListMODEL.swift */; };
		8FA6364A27709E44006E6593 /* Helper.swift in Sources */ = {isa = PBXBuildFile; fileRef = 8FA6364927709E44006E6593 /* Helper.swift */; };
		8FA6364F2770BB2E006E6593 /* DetailViewController.swift in Sources */ = {isa = PBXBuildFile; fileRef = 8FA6364E2770BB2E006E6593 /* DetailViewController.swift */; };
		8FA636582770CDDC006E6593 /* AppStoryboard.swift in Sources */ = {isa = PBXBuildFile; fileRef = 8FA636572770CDDC006E6593 /* AppStoryboard.swift */; };
		98EA7294F30DE2F38CBD70FD /* Pods_SimpleCreation.framework in Frameworks */ = {isa = PBXBuildFile; fileRef = 030D402987C86272F565AB29 /* Pods_SimpleCreation.framework */; };
/* End PBXBuildFile section */

/* Begin PBXContainerItemProxy section */
		8FA635E227707B36006E6593 /* PBXContainerItemProxy */ = {
			isa = PBXContainerItemProxy;
			containerPortal = 8FA635C327707B33006E6593 /* Project object */;
			proxyType = 1;
			remoteGlobalIDString = 8FA635CA27707B33006E6593;
			remoteInfo = SimpleCreation;
		};
		8FA635ED27707B36006E6593 /* PBXContainerItemProxy */ = {
			isa = PBXContainerItemProxy;
			containerPortal = 8FA635C327707B33006E6593 /* Project object */;
			proxyType = 1;
			remoteGlobalIDString = 8FA635CA27707B33006E6593;
			remoteInfo = SimpleCreation;
		};
/* End PBXContainerItemProxy section */

/* Begin PBXFileReference section */
		030D402987C86272F565AB29 /* Pods_SimpleCreation.framework */ = {isa = PBXFileReference; explicitFileType = wrapper.framework; includeInIndex = 0; path = Pods_SimpleCreation.framework; sourceTree = BUILT_PRODUCTS_DIR; };
		0F56CB126036C94F48A3AB57 /* Pods-SimpleCreation.debug.xcconfig */ = {isa = PBXFileReference; includeInIndex = 1; lastKnownFileType = text.xcconfig; name = "Pods-SimpleCreation.debug.xcconfig"; path = "Target Support Files/Pods-SimpleCreation/Pods-SimpleCreation.debug.xcconfig"; sourceTree = "<group>"; };
		3F2E8444A4EE41883F04C021 /* Pods_SimpleCreationTests.framework */ = {isa = PBXFileReference; explicitFileType = wrapper.framework; includeInIndex = 0; path = Pods_SimpleCreationTests.framework; sourceTree = BUILT_PRODUCTS_DIR; };
		5FBCB90CA2D6DAE5BA7B158E /* Pods_SimpleCreation_SimpleCreationUITests.framework */ = {isa = PBXFileReference; explicitFileType = wrapper.framework; includeInIndex = 0; path = Pods_SimpleCreation_SimpleCreationUITests.framework; sourceTree = BUILT_PRODUCTS_DIR; };
		8FA635CB27707B33006E6593 /* SimpleCreation.app */ = {isa = PBXFileReference; explicitFileType = wrapper.application; includeInIndex = 0; path = SimpleCreation.app; sourceTree = BUILT_PRODUCTS_DIR; };
		8FA635CE27707B33006E6593 /* AppDelegate.swift */ = {isa = PBXFileReference; lastKnownFileType = sourcecode.swift; path = AppDelegate.swift; sourceTree = "<group>"; };
		8FA635D027707B33006E6593 /* SceneDelegate.swift */ = {isa = PBXFileReference; lastKnownFileType = sourcecode.swift; path = SceneDelegate.swift; sourceTree = "<group>"; };
		8FA635D227707B33006E6593 /* mainController.swift */ = {isa = PBXFileReference; lastKnownFileType = sourcecode.swift; path = mainController.swift; sourceTree = "<group>"; };
		8FA635D527707B33006E6593 /* Base */ = {isa = PBXFileReference; lastKnownFileType = file.storyboard; name = Base; path = Base.lproj/Main.storyboard; sourceTree = "<group>"; };
		8FA635D727707B36006E6593 /* Assets.xcassets */ = {isa = PBXFileReference; lastKnownFileType = folder.assetcatalog; path = Assets.xcassets; sourceTree = "<group>"; };
		8FA635DA27707B36006E6593 /* Base */ = {isa = PBXFileReference; lastKnownFileType = file.storyboard; name = Base; path = Base.lproj/LaunchScreen.storyboard; sourceTree = "<group>"; };
		8FA635DC27707B36006E6593 /* Info.plist */ = {isa = PBXFileReference; lastKnownFileType = text.plist.xml; path = Info.plist; sourceTree = "<group>"; };
		8FA635E127707B36006E6593 /* SimpleCreationTests.xctest */ = {isa = PBXFileReference; explicitFileType = wrapper.cfbundle; includeInIndex = 0; path = SimpleCreationTests.xctest; sourceTree = BUILT_PRODUCTS_DIR; };
		8FA635E527707B36006E6593 /* SimpleCreationTests.swift */ = {isa = PBXFileReference; lastKnownFileType = sourcecode.swift; path = SimpleCreationTests.swift; sourceTree = "<group>"; };
		8FA635E727707B36006E6593 /* Info.plist */ = {isa = PBXFileReference; lastKnownFileType = text.plist.xml; path = Info.plist; sourceTree = "<group>"; };
		8FA635EC27707B36006E6593 /* SimpleCreationUITests.xctest */ = {isa = PBXFileReference; explicitFileType = wrapper.cfbundle; includeInIndex = 0; path = SimpleCreationUITests.xctest; sourceTree = BUILT_PRODUCTS_DIR; };
		8FA635F027707B36006E6593 /* SimpleCreationUITests.swift */ = {isa = PBXFileReference; lastKnownFileType = sourcecode.swift; path = SimpleCreationUITests.swift; sourceTree = "<group>"; };
		8FA635F227707B36006E6593 /* Info.plist */ = {isa = PBXFileReference; lastKnownFileType = text.plist.xml; path = Info.plist; sourceTree = "<group>"; };
		8FA6360627707C0F006E6593 /* API.swift */ = {isa = PBXFileReference; lastKnownFileType = sourcecode.swift; path = API.swift; sourceTree = "<group>"; };
		8FA6360E27707C58006E6593 /* SimpleCreationAPI.swift */ = {isa = PBXFileReference; lastKnownFileType = sourcecode.swift; path = SimpleCreationAPI.swift; sourceTree = "<group>"; };
		8FA6361D277081B0006E6593 /* APIResults.swift */ = {isa = PBXFileReference; lastKnownFileType = sourcecode.swift; path = APIResults.swift; sourceTree = "<group>"; };
		8FA636222770878D006E6593 /* ListMODEL.swift */ = {isa = PBXFileReference; lastKnownFileType = sourcecode.swift; path = ListMODEL.swift; sourceTree = "<group>"; };
		8FA6364927709E44006E6593 /* Helper.swift */ = {isa = PBXFileReference; lastKnownFileType = sourcecode.swift; path = Helper.swift; sourceTree = "<group>"; };
		8FA6364E2770BB2E006E6593 /* DetailViewController.swift */ = {isa = PBXFileReference; lastKnownFileType = sourcecode.swift; path = DetailViewController.swift; sourceTree = "<group>"; };
		8FA636572770CDDC006E6593 /* AppStoryboard.swift */ = {isa = PBXFileReference; lastKnownFileType = sourcecode.swift; path = AppStoryboard.swift; sourceTree = "<group>"; };
		BE58D2CE4D75071781F4A942 /* Pods-SimpleCreation-SimpleCreationUITests.debug.xcconfig */ = {isa = PBXFileReference; includeInIndex = 1; lastKnownFileType = text.xcconfig; name = "Pods-SimpleCreation-SimpleCreationUITests.debug.xcconfig"; path = "Target Support Files/Pods-SimpleCreation-SimpleCreationUITests/Pods-SimpleCreation-SimpleCreationUITests.debug.xcconfig"; sourceTree = "<group>"; };
		CEA9F452637EFD20F898339D /* Pods-SimpleCreation-SimpleCreationUITests.release.xcconfig */ = {isa = PBXFileReference; includeInIndex = 1; lastKnownFileType = text.xcconfig; name = "Pods-SimpleCreation-SimpleCreationUITests.release.xcconfig"; path = "Target Support Files/Pods-SimpleCreation-SimpleCreationUITests/Pods-SimpleCreation-SimpleCreationUITests.release.xcconfig"; sourceTree = "<group>"; };
		F69196879CC57CEC52A4206A /* Pods-SimpleCreationTests.debug.xcconfig */ = {isa = PBXFileReference; includeInIndex = 1; lastKnownFileType = text.xcconfig; name = "Pods-SimpleCreationTests.debug.xcconfig"; path = "Target Support Files/Pods-SimpleCreationTests/Pods-SimpleCreationTests.debug.xcconfig"; sourceTree = "<group>"; };
		FEF703FAB96AD88681858C23 /* Pods-SimpleCreation.release.xcconfig */ = {isa = PBXFileReference; includeInIndex = 1; lastKnownFileType = text.xcconfig; name = "Pods-SimpleCreation.release.xcconfig"; path = "Target Support Files/Pods-SimpleCreation/Pods-SimpleCreation.release.xcconfig"; sourceTree = "<group>"; };
		FF397670888E20BE54EBD74B /* Pods-SimpleCreationTests.release.xcconfig */ = {isa = PBXFileReference; includeInIndex = 1; lastKnownFileType = text.xcconfig; name = "Pods-SimpleCreationTests.release.xcconfig"; path = "Target Support Files/Pods-SimpleCreationTests/Pods-SimpleCreationTests.release.xcconfig"; sourceTree = "<group>"; };
/* End PBXFileReference section */

/* Begin PBXFrameworksBuildPhase section */
		8FA635C827707B33006E6593 /* Frameworks */ = {
			isa = PBXFrameworksBuildPhase;
			buildActionMask = 2147483647;
			files = (
				98EA7294F30DE2F38CBD70FD /* Pods_SimpleCreation.framework in Frameworks */,
			);
			runOnlyForDeploymentPostprocessing = 0;
		};
		8FA635DE27707B36006E6593 /* Frameworks */ = {
			isa = PBXFrameworksBuildPhase;
			buildActionMask = 2147483647;
			files = (
				1DD9CD43C12319F869A33676 /* Pods_SimpleCreationTests.framework in Frameworks */,
			);
			runOnlyForDeploymentPostprocessing = 0;
		};
		8FA635E927707B36006E6593 /* Frameworks */ = {
			isa = PBXFrameworksBuildPhase;
			buildActionMask = 2147483647;
			files = (
				5B988C05D4CD19125B1071CD /* Pods_SimpleCreation_SimpleCreationUITests.framework in Frameworks */,
			);
			runOnlyForDeploymentPostprocessing = 0;
		};
/* End PBXFrameworksBuildPhase section */

/* Begin PBXGroup section */
		09C2EC7F323A6B7AF4BFCDE3 /* Frameworks */ = {
			isa = PBXGroup;
			children = (
				030D402987C86272F565AB29 /* Pods_SimpleCreation.framework */,
				5FBCB90CA2D6DAE5BA7B158E /* Pods_SimpleCreation_SimpleCreationUITests.framework */,
				3F2E8444A4EE41883F04C021 /* Pods_SimpleCreationTests.framework */,
			);
			name = Frameworks;
			sourceTree = "<group>";
		};
		8FA635C227707B33006E6593 = {
			isa = PBXGroup;
			children = (
				8FA635CD27707B33006E6593 /* SimpleCreation */,
				8FA635E427707B36006E6593 /* SimpleCreationTests */,
				8FA635EF27707B36006E6593 /* SimpleCreationUITests */,
				8FA635CC27707B33006E6593 /* Products */,
				CEF763FB8462B097E06D0358 /* Pods */,
				09C2EC7F323A6B7AF4BFCDE3 /* Frameworks */,
			);
			sourceTree = "<group>";
		};
		8FA635CC27707B33006E6593 /* Products */ = {
			isa = PBXGroup;
			children = (
				8FA635CB27707B33006E6593 /* SimpleCreation.app */,
				8FA635E127707B36006E6593 /* SimpleCreationTests.xctest */,
				8FA635EC27707B36006E6593 /* SimpleCreationUITests.xctest */,
			);
			name = Products;
			sourceTree = "<group>";
		};
		8FA635CD27707B33006E6593 /* SimpleCreation */ = {
			isa = PBXGroup;
			children = (
				8FA6360227707B60006E6593 /* Models */,
				8FA6360327707B6D006E6593 /* Controllers */,
				8FA6360527707BED006E6593 /* Network */,
				8FA6360127707B54006E6593 /* View */,
				8FA636532770CD6E006E6593 /* Helpers */,
				8FA6360427707B98006E6593 /* Resources */,
				8FA635DC27707B36006E6593 /* Info.plist */,
			);
			path = SimpleCreation;
			sourceTree = "<group>";
		};
		8FA635E427707B36006E6593 /* SimpleCreationTests */ = {
			isa = PBXGroup;
			children = (
				8FA635E527707B36006E6593 /* SimpleCreationTests.swift */,
				8FA635E727707B36006E6593 /* Info.plist */,
			);
			path = SimpleCreationTests;
			sourceTree = "<group>";
		};
		8FA635EF27707B36006E6593 /* SimpleCreationUITests */ = {
			isa = PBXGroup;
			children = (
				8FA635F027707B36006E6593 /* SimpleCreationUITests.swift */,
				8FA635F227707B36006E6593 /* Info.plist */,
			);
			path = SimpleCreationUITests;
			sourceTree = "<group>";
		};
		8FA6360127707B54006E6593 /* View */ = {
			isa = PBXGroup;
			children = (
				8FA635D927707B36006E6593 /* LaunchScreen.storyboard */,
				8FA635D427707B33006E6593 /* Main.storyboard */,
				8FA635D727707B36006E6593 /* Assets.xcassets */,
			);
			path = View;
			sourceTree = "<group>";
		};
		8FA6360227707B60006E6593 /* Models */ = {
			isa = PBXGroup;
			children = (
				8FA636222770878D006E6593 /* ListMODEL.swift */,
				8FA6361D277081B0006E6593 /* APIResults.swift */,
			);
			path = Models;
			sourceTree = "<group>";
		};
		8FA6360327707B6D006E6593 /* Controllers */ = {
			isa = PBXGroup;
			children = (
				8FA635D227707B33006E6593 /* mainController.swift */,
				8FA6364E2770BB2E006E6593 /* DetailViewController.swift */,
			);
			path = Controllers;
			sourceTree = "<group>";
		};
		8FA6360427707B98006E6593 /* Resources */ = {
			isa = PBXGroup;
			children = (
				8FA635CE27707B33006E6593 /* AppDelegate.swift */,
				8FA635D027707B33006E6593 /* SceneDelegate.swift */,
			);
			path = Resources;
			sourceTree = "<group>";
		};
		8FA6360527707BED006E6593 /* Network */ = {
			isa = PBXGroup;
			children = (
				8FA6360627707C0F006E6593 /* API.swift */,
				8FA6360E27707C58006E6593 /* SimpleCreationAPI.swift */,
			);
			path = Network;
			sourceTree = "<group>";
		};
		8FA636532770CD6E006E6593 /* Helpers */ = {
			isa = PBXGroup;
			children = (
				8FA6364927709E44006E6593 /* Helper.swift */,
				8FA636572770CDDC006E6593 /* AppStoryboard.swift */,
			);
			path = Helpers;
			sourceTree = "<group>";
		};
		CEF763FB8462B097E06D0358 /* Pods */ = {
			isa = PBXGroup;
			children = (
				0F56CB126036C94F48A3AB57 /* Pods-SimpleCreation.debug.xcconfig */,
				FEF703FAB96AD88681858C23 /* Pods-SimpleCreation.release.xcconfig */,
				BE58D2CE4D75071781F4A942 /* Pods-SimpleCreation-SimpleCreationUITests.debug.xcconfig */,
				CEA9F452637EFD20F898339D /* Pods-SimpleCreation-SimpleCreationUITests.release.xcconfig */,
				F69196879CC57CEC52A4206A /* Pods-SimpleCreationTests.debug.xcconfig */,
				FF397670888E20BE54EBD74B /* Pods-SimpleCreationTests.release.xcconfig */,
			);
			path = Pods;
			sourceTree = "<group>";
		};
/* End PBXGroup section */

/* Begin PBXNativeTarget section */
		8FA635CA27707B33006E6593 /* SimpleCreation */ = {
			isa = PBXNativeTarget;
			buildConfigurationList = 8FA635F527707B36006E6593 /* Build configuration list for PBXNativeTarget "SimpleCreation" */;
			buildPhases = (
				69FBE9EF3D03363C94E110C2 /* [CP] Check Pods Manifest.lock */,
				8FA635C727707B33006E6593 /* Sources */,
				8FA635C827707B33006E6593 /* Frameworks */,
				8FA635C927707B33006E6593 /* Resources */,
				38231190AC69F71381FA3425 /* [CP] Embed Pods Frameworks */,
			);
			buildRules = (
			);
			dependencies = (
			);
			name = SimpleCreation;
			productName = SimpleCreation;
			productReference = 8FA635CB27707B33006E6593 /* SimpleCreation.app */;
			productType = "com.apple.product-type.application";
		};
		8FA635E027707B36006E6593 /* SimpleCreationTests */ = {
			isa = PBXNativeTarget;
			buildConfigurationList = 8FA635F827707B36006E6593 /* Build configuration list for PBXNativeTarget "SimpleCreationTests" */;
			buildPhases = (
				FCE397CBDB31C8A9972025DE /* [CP] Check Pods Manifest.lock */,
				8FA635DD27707B36006E6593 /* Sources */,
				8FA635DE27707B36006E6593 /* Frameworks */,
				8FA635DF27707B36006E6593 /* Resources */,
			);
			buildRules = (
			);
			dependencies = (
				8FA635E327707B36006E6593 /* PBXTargetDependency */,
			);
			name = SimpleCreationTests;
			productName = SimpleCreationTests;
			productReference = 8FA635E127707B36006E6593 /* SimpleCreationTests.xctest */;
			productType = "com.apple.product-type.bundle.unit-test";
		};
		8FA635EB27707B36006E6593 /* SimpleCreationUITests */ = {
			isa = PBXNativeTarget;
			buildConfigurationList = 8FA635FB27707B36006E6593 /* Build configuration list for PBXNativeTarget "SimpleCreationUITests" */;
			buildPhases = (
				5079D12F5E0C482282E228F4 /* [CP] Check Pods Manifest.lock */,
				8FA635E827707B36006E6593 /* Sources */,
				8FA635E927707B36006E6593 /* Frameworks */,
				8FA635EA27707B36006E6593 /* Resources */,
				51C67F6A8AA85BF551215BEE /* [CP] Embed Pods Frameworks */,
			);
			buildRules = (
			);
			dependencies = (
				8FA635EE27707B36006E6593 /* PBXTargetDependency */,
			);
			name = SimpleCreationUITests;
			productName = SimpleCreationUITests;
			productReference = 8FA635EC27707B36006E6593 /* SimpleCreationUITests.xctest */;
			productType = "com.apple.product-type.bundle.ui-testing";
		};
/* End PBXNativeTarget section */

/* Begin PBXProject section */
		8FA635C327707B33006E6593 /* Project object */ = {
			isa = PBXProject;
			attributes = {
				LastSwiftUpdateCheck = 1200;
				LastUpgradeCheck = 1200;
				TargetAttributes = {
					8FA635CA27707B33006E6593 = {
						CreatedOnToolsVersion = 12.0;
					};
					8FA635E027707B36006E6593 = {
						CreatedOnToolsVersion = 12.0;
						TestTargetID = 8FA635CA27707B33006E6593;
					};
					8FA635EB27707B36006E6593 = {
						CreatedOnToolsVersion = 12.0;
						TestTargetID = 8FA635CA27707B33006E6593;
					};
				};
			};
			buildConfigurationList = 8FA635C627707B33006E6593 /* Build configuration list for PBXProject "SimpleCreation" */;
			compatibilityVersion = "Xcode 9.3";
			developmentRegion = en;
			hasScannedForEncodings = 0;
			knownRegions = (
				en,
				Base,
			);
			mainGroup = 8FA635C227707B33006E6593;
			productRefGroup = 8FA635CC27707B33006E6593 /* Products */;
			projectDirPath = "";
			projectRoot = "";
			targets = (
				8FA635CA27707B33006E6593 /* SimpleCreation */,
				8FA635E027707B36006E6593 /* SimpleCreationTests */,
				8FA635EB27707B36006E6593 /* SimpleCreationUITests */,
			);
		};
/* End PBXProject section */

/* Begin PBXResourcesBuildPhase section */
		8FA635C927707B33006E6593 /* Resources */ = {
			isa = PBXResourcesBuildPhase;
			buildActionMask = 2147483647;
			files = (
				8FA635DB27707B36006E6593 /* LaunchScreen.storyboard in Resources */,
				8FA635D827707B36006E6593 /* Assets.xcassets in Resources */,
				8FA635D627707B33006E6593 /* Main.storyboard in Resources */,
			);
			runOnlyForDeploymentPostprocessing = 0;
		};
		8FA635DF27707B36006E6593 /* Resources */ = {
			isa = PBXResourcesBuildPhase;
			buildActionMask = 2147483647;
			files = (
			);
			runOnlyForDeploymentPostprocessing = 0;
		};
		8FA635EA27707B36006E6593 /* Resources */ = {
			isa = PBXResourcesBuildPhase;
			buildActionMask = 2147483647;
			files = (
			);
			runOnlyForDeploymentPostprocessing = 0;
		};
/* End PBXResourcesBuildPhase section */

/* Begin PBXShellScriptBuildPhase section */
		38231190AC69F71381FA3425 /* [CP] Embed Pods Frameworks */ = {
			isa = PBXShellScriptBuildPhase;
			buildActionMask = 2147483647;
			files = (
			);
			inputFileListPaths = (
				"${PODS_ROOT}/Target Support Files/Pods-SimpleCreation/Pods-SimpleCreation-frameworks-${CONFIGURATION}-input-files.xcfilelist",
			);
			name = "[CP] Embed Pods Frameworks";
			outputFileListPaths = (
				"${PODS_ROOT}/Target Support Files/Pods-SimpleCreation/Pods-SimpleCreation-frameworks-${CONFIGURATION}-output-files.xcfilelist",
			);
			runOnlyForDeploymentPostprocessing = 0;
			shellPath = /bin/sh;
			shellScript = "\"${PODS_ROOT}/Target Support Files/Pods-SimpleCreation/Pods-SimpleCreation-frameworks.sh\"\n";
			showEnvVarsInLog = 0;
		};
		5079D12F5E0C482282E228F4 /* [CP] Check Pods Manifest.lock */ = {
			isa = PBXShellScriptBuildPhase;
			buildActionMask = 2147483647;
			files = (
			);
			inputFileListPaths = (
			);
			inputPaths = (
				"${PODS_PODFILE_DIR_PATH}/Podfile.lock",
				"${PODS_ROOT}/Manifest.lock",
			);
			name = "[CP] Check Pods Manifest.lock";
			outputFileListPaths = (
			);
			outputPaths = (
				"$(DERIVED_FILE_DIR)/Pods-SimpleCreation-SimpleCreationUITests-checkManifestLockResult.txt",
			);
			runOnlyForDeploymentPostprocessing = 0;
			shellPath = /bin/sh;
			shellScript = "diff \"${PODS_PODFILE_DIR_PATH}/Podfile.lock\" \"${PODS_ROOT}/Manifest.lock\" > /dev/null\nif [ $? != 0 ] ; then\n    # print error to STDERR\n    echo \"error: The sandbox is not in sync with the Podfile.lock. Run 'pod install' or update your CocoaPods installation.\" >&2\n    exit 1\nfi\n# This output is used by Xcode 'outputs' to avoid re-running this script phase.\necho \"SUCCESS\" > \"${SCRIPT_OUTPUT_FILE_0}\"\n";
			showEnvVarsInLog = 0;
		};
		51C67F6A8AA85BF551215BEE /* [CP] Embed Pods Frameworks */ = {
			isa = PBXShellScriptBuildPhase;
			buildActionMask = 2147483647;
			files = (
			);
			inputFileListPaths = (
				"${PODS_ROOT}/Target Support Files/Pods-SimpleCreation-SimpleCreationUITests/Pods-SimpleCreation-SimpleCreationUITests-frameworks-${CONFIGURATION}-input-files.xcfilelist",
			);
			name = "[CP] Embed Pods Frameworks";
			outputFileListPaths = (
				"${PODS_ROOT}/Target Support Files/Pods-SimpleCreation-SimpleCreationUITests/Pods-SimpleCreation-SimpleCreationUITests-frameworks-${CONFIGURATION}-output-files.xcfilelist",
			);
			runOnlyForDeploymentPostprocessing = 0;
			shellPath = /bin/sh;
			shellScript = "\"${PODS_ROOT}/Target Support Files/Pods-SimpleCreation-SimpleCreationUITests/Pods-SimpleCreation-SimpleCreationUITests-frameworks.sh\"\n";
			showEnvVarsInLog = 0;
		};
		69FBE9EF3D03363C94E110C2 /* [CP] Check Pods Manifest.lock */ = {
			isa = PBXShellScriptBuildPhase;
			buildActionMask = 2147483647;
			files = (
			);
			inputFileListPaths = (
			);
			inputPaths = (
				"${PODS_PODFILE_DIR_PATH}/Podfile.lock",
				"${PODS_ROOT}/Manifest.lock",
			);
			name = "[CP] Check Pods Manifest.lock";
			outputFileListPaths = (
			);
			outputPaths = (
				"$(DERIVED_FILE_DIR)/Pods-SimpleCreation-checkManifestLockResult.txt",
			);
			runOnlyForDeploymentPostprocessing = 0;
			shellPath = /bin/sh;
			shellScript = "diff \"${PODS_PODFILE_DIR_PATH}/Podfile.lock\" \"${PODS_ROOT}/Manifest.lock\" > /dev/null\nif [ $? != 0 ] ; then\n    # print error to STDERR\n    echo \"error: The sandbox is not in sync with the Podfile.lock. Run 'pod install' or update your CocoaPods installation.\" >&2\n    exit 1\nfi\n# This output is used by Xcode 'outputs' to avoid re-running this script phase.\necho \"SUCCESS\" > \"${SCRIPT_OUTPUT_FILE_0}\"\n";
			showEnvVarsInLog = 0;
		};
		FCE397CBDB31C8A9972025DE /* [CP] Check Pods Manifest.lock */ = {
			isa = PBXShellScriptBuildPhase;
			buildActionMask = 2147483647;
			files = (
			);
			inputFileListPaths = (
			);
			inputPaths = (
				"${PODS_PODFILE_DIR_PATH}/Podfile.lock",
				"${PODS_ROOT}/Manifest.lock",
			);
			name = "[CP] Check Pods Manifest.lock";
			outputFileListPaths = (
			);
			outputPaths = (
				"$(DERIVED_FILE_DIR)/Pods-SimpleCreationTests-checkManifestLockResult.txt",
			);
			runOnlyForDeploymentPostprocessing = 0;
			shellPath = /bin/sh;
			shellScript = "diff \"${PODS_PODFILE_DIR_PATH}/Podfile.lock\" \"${PODS_ROOT}/Manifest.lock\" > /dev/null\nif [ $? != 0 ] ; then\n    # print error to STDERR\n    echo \"error: The sandbox is not in sync with the Podfile.lock. Run 'pod install' or update your CocoaPods installation.\" >&2\n    exit 1\nfi\n# This output is used by Xcode 'outputs' to avoid re-running this script phase.\necho \"SUCCESS\" > \"${SCRIPT_OUTPUT_FILE_0}\"\n";
			showEnvVarsInLog = 0;
		};
/* End PBXShellScriptBuildPhase section */

/* Begin PBXSourcesBuildPhase section */
		8FA635C727707B33006E6593 /* Sources */ = {
			isa = PBXSourcesBuildPhase;
			buildActionMask = 2147483647;
			files = (
				8FA636582770CDDC006E6593 /* AppStoryboard.swift in Sources */,
				8FA6364F2770BB2E006E6593 /* DetailViewController.swift in Sources */,
				8FA635D327707B33006E6593 /* mainController.swift in Sources */,
				8FA6360F27707C58006E6593 /* SimpleCreationAPI.swift in Sources */,
				8FA635CF27707B33006E6593 /* AppDelegate.swift in Sources */,
				8FA6360727707C0F006E6593 /* API.swift in Sources */,
				8FA635D127707B33006E6593 /* SceneDelegate.swift in Sources */,
				8FA6361E277081B0006E6593 /* APIResults.swift in Sources */,
				8FA636232770878D006E6593 /* ListMODEL.swift in Sources */,
				8FA6364A27709E44006E6593 /* Helper.swift in Sources */,
			);
			runOnlyForDeploymentPostprocessing = 0;
		};
		8FA635DD27707B36006E6593 /* Sources */ = {
			isa = PBXSourcesBuildPhase;
			buildActionMask = 2147483647;
			files = (
				8FA635E627707B36006E6593 /* SimpleCreationTests.swift in Sources */,
			);
			runOnlyForDeploymentPostprocessing = 0;
		};
		8FA635E827707B36006E6593 /* Sources */ = {
			isa = PBXSourcesBuildPhase;
			buildActionMask = 2147483647;
			files = (
				8FA635F127707B36006E6593 /* SimpleCreationUITests.swift in Sources */,
			);
			runOnlyForDeploymentPostprocessing = 0;
		};
/* End PBXSourcesBuildPhase section */

/* Begin PBXTargetDependency section */
		8FA635E327707B36006E6593 /* PBXTargetDependency */ = {
			isa = PBXTargetDependency;
			target = 8FA635CA27707B33006E6593 /* SimpleCreation */;
			targetProxy = 8FA635E227707B36006E6593 /* PBXContainerItemProxy */;
		};
		8FA635EE27707B36006E6593 /* PBXTargetDependency */ = {
			isa = PBXTargetDependency;
			target = 8FA635CA27707B33006E6593 /* SimpleCreation */;
			targetProxy = 8FA635ED27707B36006E6593 /* PBXContainerItemProxy */;
		};
/* End PBXTargetDependency section */

/* Begin PBXVariantGroup section */
		8FA635D427707B33006E6593 /* Main.storyboard */ = {
			isa = PBXVariantGroup;
			children = (
				8FA635D527707B33006E6593 /* Base */,
			);
			name = Main.storyboard;
			sourceTree = "<group>";
		};
		8FA635D927707B36006E6593 /* LaunchScreen.storyboard */ = {
			isa = PBXVariantGroup;
			children = (
				8FA635DA27707B36006E6593 /* Base */,
			);
			name = LaunchScreen.storyboard;
			sourceTree = "<group>";
		};
/* End PBXVariantGroup section */

/* Begin XCBuildConfiguration section */
		8FA635F327707B36006E6593 /* Debug */ = {
			isa = XCBuildConfiguration;
			buildSettings = {
				ALWAYS_SEARCH_USER_PATHS = NO;
				CLANG_ANALYZER_NONNULL = YES;
				CLANG_ANALYZER_NUMBER_OBJECT_CONVERSION = YES_AGGRESSIVE;
				CLANG_CXX_LANGUAGE_STANDARD = "gnu++14";
				CLANG_CXX_LIBRARY = "libc++";
				CLANG_ENABLE_MODULES = YES;
				CLANG_ENABLE_OBJC_ARC = YES;
				CLANG_ENABLE_OBJC_WEAK = YES;
				CLANG_WARN_BLOCK_CAPTURE_AUTORELEASING = YES;
				CLANG_WARN_BOOL_CONVERSION = YES;
				CLANG_WARN_COMMA = YES;
				CLANG_WARN_CONSTANT_CONVERSION = YES;
				CLANG_WARN_DEPRECATED_OBJC_IMPLEMENTATIONS = YES;
				CLANG_WARN_DIRECT_OBJC_ISA_USAGE = YES_ERROR;
				CLANG_WARN_DOCUMENTATION_COMMENTS = YES;
				CLANG_WARN_EMPTY_BODY = YES;
				CLANG_WARN_ENUM_CONVERSION = YES;
				CLANG_WARN_INFINITE_RECURSION = YES;
				CLANG_WARN_INT_CONVERSION = YES;
				CLANG_WARN_NON_LITERAL_NULL_CONVERSION = YES;
				CLANG_WARN_OBJC_IMPLICIT_RETAIN_SELF = YES;
				CLANG_WARN_OBJC_LITERAL_CONVERSION = YES;
				CLANG_WARN_OBJC_ROOT_CLASS = YES_ERROR;
				CLANG_WARN_QUOTED_INCLUDE_IN_FRAMEWORK_HEADER = YES;
				CLANG_WARN_RANGE_LOOP_ANALYSIS = YES;
				CLANG_WARN_STRICT_PROTOTYPES = YES;
				CLANG_WARN_SUSPICIOUS_MOVE = YES;
				CLANG_WARN_UNGUARDED_AVAILABILITY = YES_AGGRESSIVE;
				CLANG_WARN_UNREACHABLE_CODE = YES;
				CLANG_WARN__DUPLICATE_METHOD_MATCH = YES;
				COPY_PHASE_STRIP = NO;
				DEBUG_INFORMATION_FORMAT = dwarf;
				ENABLE_STRICT_OBJC_MSGSEND = YES;
				ENABLE_TESTABILITY = YES;
				GCC_C_LANGUAGE_STANDARD = gnu11;
				GCC_DYNAMIC_NO_PIC = NO;
				GCC_NO_COMMON_BLOCKS = YES;
				GCC_OPTIMIZATION_LEVEL = 0;
				GCC_PREPROCESSOR_DEFINITIONS = (
					"DEBUG=1",
					"$(inherited)",
				);
				GCC_WARN_64_TO_32_BIT_CONVERSION = YES;
				GCC_WARN_ABOUT_RETURN_TYPE = YES_ERROR;
				GCC_WARN_UNDECLARED_SELECTOR = YES;
				GCC_WARN_UNINITIALIZED_AUTOS = YES_AGGRESSIVE;
				GCC_WARN_UNUSED_FUNCTION = YES;
				GCC_WARN_UNUSED_VARIABLE = YES;
				IPHONEOS_DEPLOYMENT_TARGET = 14.0;
				MTL_ENABLE_DEBUG_INFO = INCLUDE_SOURCE;
				MTL_FAST_MATH = YES;
				ONLY_ACTIVE_ARCH = YES;
				SDKROOT = iphoneos;
				SWIFT_ACTIVE_COMPILATION_CONDITIONS = DEBUG;
				SWIFT_OPTIMIZATION_LEVEL = "-Onone";
			};
			name = Debug;
		};
		8FA635F427707B36006E6593 /* Release */ = {
			isa = XCBuildConfiguration;
			buildSettings = {
				ALWAYS_SEARCH_USER_PATHS = NO;
				CLANG_ANALYZER_NONNULL = YES;
				CLANG_ANALYZER_NUMBER_OBJECT_CONVERSION = YES_AGGRESSIVE;
				CLANG_CXX_LANGUAGE_STANDARD = "gnu++14";
				CLANG_CXX_LIBRARY = "libc++";
				CLANG_ENABLE_MODULES = YES;
				CLANG_ENABLE_OBJC_ARC = YES;
				CLANG_ENABLE_OBJC_WEAK = YES;
				CLANG_WARN_BLOCK_CAPTURE_AUTORELEASING = YES;
				CLANG_WARN_BOOL_CONVERSION = YES;
				CLANG_WARN_COMMA = YES;
				CLANG_WARN_CONSTANT_CONVERSION = YES;
				CLANG_WARN_DEPRECATED_OBJC_IMPLEMENTATIONS = YES;
				CLANG_WARN_DIRECT_OBJC_ISA_USAGE = YES_ERROR;
				CLANG_WARN_DOCUMENTATION_COMMENTS = YES;
				CLANG_WARN_EMPTY_BODY = YES;
				CLANG_WARN_ENUM_CONVERSION = YES;
				CLANG_WARN_INFINITE_RECURSION = YES;
				CLANG_WARN_INT_CONVERSION = YES;
				CLANG_WARN_NON_LITERAL_NULL_CONVERSION = YES;
				CLANG_WARN_OBJC_IMPLICIT_RETAIN_SELF = YES;
				CLANG_WARN_OBJC_LITERAL_CONVERSION = YES;
				CLANG_WARN_OBJC_ROOT_CLASS = YES_ERROR;
				CLANG_WARN_QUOTED_INCLUDE_IN_FRAMEWORK_HEADER = YES;
				CLANG_WARN_RANGE_LOOP_ANALYSIS = YES;
				CLANG_WARN_STRICT_PROTOTYPES = YES;
				CLANG_WARN_SUSPICIOUS_MOVE = YES;
				CLANG_WARN_UNGUARDED_AVAILABILITY = YES_AGGRESSIVE;
				CLANG_WARN_UNREACHABLE_CODE = YES;
				CLANG_WARN__DUPLICATE_METHOD_MATCH = YES;
				COPY_PHASE_STRIP = NO;
				DEBUG_INFORMATION_FORMAT = "dwarf-with-dsym";
				ENABLE_NS_ASSERTIONS = NO;
				ENABLE_STRICT_OBJC_MSGSEND = YES;
				GCC_C_LANGUAGE_STANDARD = gnu11;
				GCC_NO_COMMON_BLOCKS = YES;
				GCC_WARN_64_TO_32_BIT_CONVERSION = YES;
				GCC_WARN_ABOUT_RETURN_TYPE = YES_ERROR;
				GCC_WARN_UNDECLARED_SELECTOR = YES;
				GCC_WARN_UNINITIALIZED_AUTOS = YES_AGGRESSIVE;
				GCC_WARN_UNUSED_FUNCTION = YES;
				GCC_WARN_UNUSED_VARIABLE = YES;
				IPHONEOS_DEPLOYMENT_TARGET = 14.0;
				MTL_ENABLE_DEBUG_INFO = NO;
				MTL_FAST_MATH = YES;
				SDKROOT = iphoneos;
				SWIFT_COMPILATION_MODE = wholemodule;
				SWIFT_OPTIMIZATION_LEVEL = "-O";
				VALIDATE_PRODUCT = YES;
			};
			name = Release;
		};
		8FA635F627707B36006E6593 /* Debug */ = {
			isa = XCBuildConfiguration;
			baseConfigurationReference = 0F56CB126036C94F48A3AB57 /* Pods-SimpleCreation.debug.xcconfig */;
			buildSettings = {
				ASSETCATALOG_COMPILER_APPICON_NAME = AppIcon;
				ASSETCATALOG_COMPILER_GLOBAL_ACCENT_COLOR_NAME = AccentColor;
				CODE_SIGN_STYLE = Automatic;
				INFOPLIST_FILE = SimpleCreation/Info.plist;
				LD_RUNPATH_SEARCH_PATHS = (
					"$(inherited)",
					"@executable_path/Frameworks",
				);
				PRODUCT_BUNDLE_IDENTIFIER = com.newprogram.SimpleCreation;
				PRODUCT_NAME = "$(TARGET_NAME)";
				SWIFT_VERSION = 5.0;
				TARGETED_DEVICE_FAMILY = "1,2";
			};
			name = Debug;
		};
		8FA635F727707B36006E6593 /* Release */ = {
			isa = XCBuildConfiguration;
			baseConfigurationReference = FEF703FAB96AD88681858C23 /* Pods-SimpleCreation.release.xcconfig */;
			buildSettings = {
				ASSETCATALOG_COMPILER_APPICON_NAME = AppIcon;
				ASSETCATALOG_COMPILER_GLOBAL_ACCENT_COLOR_NAME = AccentColor;
				CODE_SIGN_STYLE = Automatic;
				INFOPLIST_FILE = SimpleCreation/Info.plist;
				LD_RUNPATH_SEARCH_PATHS = (
					"$(inherited)",
					"@executable_path/Frameworks",
				);
				PRODUCT_BUNDLE_IDENTIFIER = com.newprogram.SimpleCreation;
				PRODUCT_NAME = "$(TARGET_NAME)";
				SWIFT_VERSION = 5.0;
				TARGETED_DEVICE_FAMILY = "1,2";
			};
			name = Release;
		};
		8FA635F927707B36006E6593 /* Debug */ = {
			isa = XCBuildConfiguration;
			baseConfigurationReference = F69196879CC57CEC52A4206A /* Pods-SimpleCreationTests.debug.xcconfig */;
			buildSettings = {
				ALWAYS_EMBED_SWIFT_STANDARD_LIBRARIES = YES;
				BUNDLE_LOADER = "$(TEST_HOST)";
				CODE_SIGN_STYLE = Automatic;
				INFOPLIST_FILE = SimpleCreationTests/Info.plist;
				IPHONEOS_DEPLOYMENT_TARGET = 14.0;
				LD_RUNPATH_SEARCH_PATHS = (
					"$(inherited)",
					"@executable_path/Frameworks",
					"@loader_path/Frameworks",
				);
				PRODUCT_BUNDLE_IDENTIFIER = com.newprogram.SimpleCreationTests;
				PRODUCT_NAME = "$(TARGET_NAME)";
				SWIFT_VERSION = 5.0;
				TARGETED_DEVICE_FAMILY = "1,2";
				TEST_HOST = "$(BUILT_PRODUCTS_DIR)/SimpleCreation.app/SimpleCreation";
			};
			name = Debug;
		};
		8FA635FA27707B36006E6593 /* Release */ = {
			isa = XCBuildConfiguration;
			baseConfigurationReference = FF397670888E20BE54EBD74B /* Pods-SimpleCreationTests.release.xcconfig */;
			buildSettings = {
				ALWAYS_EMBED_SWIFT_STANDARD_LIBRARIES = YES;
				BUNDLE_LOADER = "$(TEST_HOST)";
				CODE_SIGN_STYLE = Automatic;
				INFOPLIST_FILE = SimpleCreationTests/Info.plist;
				IPHONEOS_DEPLOYMENT_TARGET = 14.0;
				LD_RUNPATH_SEARCH_PATHS = (
					"$(inherited)",
					"@executable_path/Frameworks",
					"@loader_path/Frameworks",
				);
				PRODUCT_BUNDLE_IDENTIFIER = com.newprogram.SimpleCreationTests;
				PRODUCT_NAME = "$(TARGET_NAME)";
				SWIFT_VERSION = 5.0;
				TARGETED_DEVICE_FAMILY = "1,2";
				TEST_HOST = "$(BUILT_PRODUCTS_DIR)/SimpleCreation.app/SimpleCreation";
			};
			name = Release;
		};
		8FA635FC27707B36006E6593 /* Debug */ = {
			isa = XCBuildConfiguration;
			baseConfigurationReference = BE58D2CE4D75071781F4A942 /* Pods-SimpleCreation-SimpleCreationUITests.debug.xcconfig */;
			buildSettings = {
				ALWAYS_EMBED_SWIFT_STANDARD_LIBRARIES = YES;
				CODE_SIGN_STYLE = Automatic;
				INFOPLIST_FILE = SimpleCreationUITests/Info.plist;
				LD_RUNPATH_SEARCH_PATHS = (
					"$(inherited)",
					"@executable_path/Frameworks",
					"@loader_path/Frameworks",
				);
				PRODUCT_BUNDLE_IDENTIFIER = com.newprogram.SimpleCreationUITests;
				PRODUCT_NAME = "$(TARGET_NAME)";
				SWIFT_VERSION = 5.0;
				TARGETED_DEVICE_FAMILY = "1,2";
				TEST_TARGET_NAME = SimpleCreation;
			};
			name = Debug;
		};
		8FA635FD27707B36006E6593 /* Release */ = {
			isa = XCBuildConfiguration;
			baseConfigurationReference = CEA9F452637EFD20F898339D /* Pods-SimpleCreation-SimpleCreationUITests.release.xcconfig */;
			buildSettings = {
				ALWAYS_EMBED_SWIFT_STANDARD_LIBRARIES = YES;
				CODE_SIGN_STYLE = Automatic;
				INFOPLIST_FILE = SimpleCreationUITests/Info.plist;
				LD_RUNPATH_SEARCH_PATHS = (
					"$(inherited)",
					"@executable_path/Frameworks",
					"@loader_path/Frameworks",
				);
				PRODUCT_BUNDLE_IDENTIFIER = com.newprogram.SimpleCreationUITests;
				PRODUCT_NAME = "$(TARGET_NAME)";
				SWIFT_VERSION = 5.0;
				TARGETED_DEVICE_FAMILY = "1,2";
				TEST_TARGET_NAME = SimpleCreation;
			};
			name = Release;
		};
/* End XCBuildConfiguration section */

/* Begin XCConfigurationList section */
		8FA635C627707B33006E6593 /* Build configuration list for PBXProject "SimpleCreation" */ = {
			isa = XCConfigurationList;
			buildConfigurations = (
				8FA635F327707B36006E6593 /* Debug */,
				8FA635F427707B36006E6593 /* Release */,
			);
			defaultConfigurationIsVisible = 0;
			defaultConfigurationName = Release;
		};
		8FA635F527707B36006E6593 /* Build configuration list for PBXNativeTarget "SimpleCreation" */ = {
			isa = XCConfigurationList;
			buildConfigurations = (
				8FA635F627707B36006E6593 /* Debug */,
				8FA635F727707B36006E6593 /* Release */,
			);
			defaultConfigurationIsVisible = 0;
			defaultConfigurationName = Release;
		};
		8FA635F827707B36006E6593 /* Build configuration list for PBXNativeTarget "SimpleCreationTests" */ = {
			isa = XCConfigurationList;
			buildConfigurations = (
				8FA635F927707B36006E6593 /* Debug */,
				8FA635FA27707B36006E6593 /* Release */,
			);
			defaultConfigurationIsVisible = 0;
			defaultConfigurationName = Release;
		};
		8FA635FB27707B36006E6593 /* Build configuration list for PBXNativeTarget "SimpleCreationUITests" */ = {
			isa = XCConfigurationList;
			buildConfigurations = (
				8FA635FC27707B36006E6593 /* Debug */,
				8FA635FD27707B36006E6593 /* Release */,
			);
			defaultConfigurationIsVisible = 0;
			defaultConfigurationName = Release;
		};
/* End XCConfigurationList section */
	};
	rootObject = 8FA635C327707B33006E6593 /* Project object */;
}
